
Microsoft Visual Studio Solution File, Format Version 12.00
# Visual Studio 2013
VisualStudioVersion = 12.0.30501.0
MinimumVisualStudioVersion = 10.0.40219.1
Project("{FAE04EC0-301F-11D3-BF4B-00C04F79EFBC}") = "Kooboo.Common", "Kooboo.Common\Kooboo.Common.csproj", "{F8C95026-C7BC-4354-B5F6-6CAFAE4CB5B8}"
EndProject
Project("{FAE04EC0-301F-11D3-BF4B-00C04F79EFBC}") = "Kooboo.Common.Web", "Kooboo.Common.Web\Kooboo.Common.Web.csproj", "{40290364-5A2B-40AD-97F1-CAAC2C861324}"
EndProject
Project("{2150E333-8FDC-42A3-9474-1A3956D46DE8}") = "Kobooo.Common", "Kobooo.Common", "{6D625141-E10E-40EE-8C80-8F8126B5C940}"
EndProject
Project("{FAE04EC0-301F-11D3-BF4B-00C04F79EFBC}") = "Kooboo.Common.Tests", "Kooboo.Common.Tests\Kooboo.Common.Tests.csproj", "{6F930555-4FB4-4D25-80DD-67EB31C0B6FB}"
EndProject
Project("{FAE04EC0-301F-11D3-BF4B-00C04F79EFBC}") = "Kooboo.Common.Windows", "Kooboo.Common.Windows\Kooboo.Common.Windows.csproj", "{A407B6E3-BB45-4126-ADF7-6E582CA85A5D}"
EndProject
Project("{FAE04EC0-301F-11D3-BF4B-00C04F79EFBC}") = "Kooboo.Common.Data", "Kooboo.Common.Data\Kooboo.Common.Data.csproj", "{F9E1827B-096D-490B-AF74-11C638F3D0D0}"
EndProject
Project("{FAE04EC0-301F-11D3-BF4B-00C04F79EFBC}") = "Kooboo.Common.CachingSync.Http", "Kooboo.Common.CachingSync.Http\Kooboo.Common.CachingSync.Http.csproj", "{D388AD41-63AF-43B2-A85D-4A1C07722B44}"
EndProject
Project("{FAE04EC0-301F-11D3-BF4B-00C04F79EFBC}") = "Kooboo.Common.CachingSync.Azure", "Kooboo.Common.CachingSync.Azure\Kooboo.Common.CachingSync.Azure.csproj", "{C306BD6A-92BA-48F9-A7E8-A419930EC2AD}"
EndProject
Project("{FAE04EC0-301F-11D3-BF4B-00C04F79EFBC}") = "Kooboo.Common.Data.Tests", "Kooboo.Common.Data.Tests\Kooboo.Common.Data.Tests.csproj", "{2E850B60-2738-46A5-B25D-688CA55069EA}"
EndProject
Project("{FAE04EC0-301F-11D3-BF4B-00C04F79EFBC}") = "Kooboo.Common.ObjectContainer.Ninject", "Kooboo.Common.ObjectContainer.Ninject\Kooboo.Common.ObjectContainer.Ninject.csproj", "{94A4A4BA-F5EB-44CB-9CD3-B240B80CE686}"
EndProject
Global
	GlobalSection(SolutionConfigurationPlatforms) = preSolution
		Debug|Any CPU = Debug|Any CPU
		Release|Any CPU = Release|Any CPU
	EndGlobalSection
	GlobalSection(ProjectConfigurationPlatforms) = postSolution
		{F8C95026-C7BC-4354-B5F6-6CAFAE4CB5B8}.Debug|Any CPU.ActiveCfg = Debug|Any CPU
		{F8C95026-C7BC-4354-B5F6-6CAFAE4CB5B8}.Debug|Any CPU.Build.0 = Debug|Any CPU
		{F8C95026-C7BC-4354-B5F6-6CAFAE4CB5B8}.Release|Any CPU.ActiveCfg = Release|Any CPU
		{F8C95026-C7BC-4354-B5F6-6CAFAE4CB5B8}.Release|Any CPU.Build.0 = Release|Any CPU
		{40290364-5A2B-40AD-97F1-CAAC2C861324}.Debug|Any CPU.ActiveCfg = Debug|Any CPU
		{40290364-5A2B-40AD-97F1-CAAC2C861324}.Debug|Any CPU.Build.0 = Debug|Any CPU
		{40290364-5A2B-40AD-97F1-CAAC2C861324}.Release|Any CPU.ActiveCfg = Release|Any CPU
		{40290364-5A2B-40AD-97F1-CAAC2C861324}.Release|Any CPU.Build.0 = Release|Any CPU
		{6F930555-4FB4-4D25-80DD-67EB31C0B6FB}.Debug|Any CPU.ActiveCfg = Debug|Any CPU
		{6F930555-4FB4-4D25-80DD-67EB31C0B6FB}.Debug|Any CPU.Build.0 = Debug|Any CPU
		{6F930555-4FB4-4D25-80DD-67EB31C0B6FB}.Release|Any CPU.ActiveCfg = Release|Any CPU
		{6F930555-4FB4-4D25-80DD-67EB31C0B6FB}.Release|Any CPU.Build.0 = Release|Any CPU
		{A407B6E3-BB45-4126-ADF7-6E582CA85A5D}.Debug|Any CPU.ActiveCfg = Debug|Any CPU
		{A407B6E3-BB45-4126-ADF7-6E582CA85A5D}.Debug|Any CPU.Build.0 = Debug|Any CPU
		{A407B6E3-BB45-4126-ADF7-6E582CA85A5D}.Release|Any CPU.ActiveCfg = Release|Any CPU
		{A407B6E3-BB45-4126-ADF7-6E582CA85A5D}.Release|Any CPU.Build.0 = Release|Any CPU
		{F9E1827B-096D-490B-AF74-11C638F3D0D0}.Debug|Any CPU.ActiveCfg = Debug|Any CPU
		{F9E1827B-096D-490B-AF74-11C638F3D0D0}.Debug|Any CPU.Build.0 = Debug|Any CPU
		{F9E1827B-096D-490B-AF74-11C638F3D0D0}.Release|Any CPU.ActiveCfg = Release|Any CPU
		{F9E1827B-096D-490B-AF74-11C638F3D0D0}.Release|Any CPU.Build.0 = Release|Any CPU
		{D388AD41-63AF-43B2-A85D-4A1C07722B44}.Debug|Any CPU.ActiveCfg = Debug|Any CPU
		{D388AD41-63AF-43B2-A85D-4A1C07722B44}.Debug|Any CPU.Build.0 = Debug|Any CPU
		{D388AD41-63AF-43B2-A85D-4A1C07722B44}.Release|Any CPU.ActiveCfg = Release|Any CPU
		{D388AD41-63AF-43B2-A85D-4A1C07722B44}.Release|Any CPU.Build.0 = Release|Any CPU
		{C306BD6A-92BA-48F9-A7E8-A419930EC2AD}.Debug|Any CPU.ActiveCfg = Debug|Any CPU
		{C306BD6A-92BA-48F9-A7E8-A419930EC2AD}.Debug|Any CPU.Build.0 = Debug|Any CPU
		{C306BD6A-92BA-48F9-A7E8-A419930EC2AD}.Release|Any CPU.ActiveCfg = Release|Any CPU
		{C306BD6A-92BA-48F9-A7E8-A419930EC2AD}.Release|Any CPU.Build.0 = Release|Any CPU
		{2E850B60-2738-46A5-B25D-688CA55069EA}.Debug|Any CPU.ActiveCfg = Debug|Any CPU
		{2E850B60-2738-46A5-B25D-688CA55069EA}.Debug|Any CPU.Build.0 = Debug|Any CPU
		{2E850B60-2738-46A5-B25D-688CA55069EA}.Release|Any CPU.ActiveCfg = Release|Any CPU
		{2E850B60-2738-46A5-B25D-688CA55069EA}.Release|Any CPU.Build.0 = Release|Any CPU
		{94A4A4BA-F5EB-44CB-9CD3-B240B80CE686}.Debug|Any CPU.ActiveCfg = Debug|Any CPU
		{94A4A4BA-F5EB-44CB-9CD3-B240B80CE686}.Debug|Any CPU.Build.0 = Debug|Any CPU
		{94A4A4BA-F5EB-44CB-9CD3-B240B80CE686}.Release|Any CPU.ActiveCfg = Release|Any CPU
		{94A4A4BA-F5EB-44CB-9CD3-B240B80CE686}.Release|Any CPU.Build.0 = Release|Any CPU
	EndGlobalSection
	GlobalSection(SolutionProperties) = preSolution
		HideSolutionNode = FALSE
	EndGlobalSection
	GlobalSection(NestedProjects) = preSolution
		{F8C95026-C7BC-4354-B5F6-6CAFAE4CB5B8} = {6D625141-E10E-40EE-8C80-8F8126B5C940}
		{6F930555-4FB4-4D25-80DD-67EB31C0B6FB} = {6D625141-E10E-40EE-8C80-8F8126B5C940}
		{D388AD41-63AF-43B2-A85D-4A1C07722B44} = {6D625141-E10E-40EE-8C80-8F8126B5C940}
		{C306BD6A-92BA-48F9-A7E8-A419930EC2AD} = {6D625141-E10E-40EE-8C80-8F8126B5C940}
		{94A4A4BA-F5EB-44CB-9CD3-B240B80CE686} = {6D625141-E10E-40EE-8C80-8F8126B5C940}
	EndGlobalSection
EndGlobal
